// !$*UTF8*$!
{
	archiveVersion = 1;
	classes = {
	};
	objectVersion = 46;
	objects = {

/* Begin PBXBuildFile section */
		3459AAE11ECE3CEF00127A6F /* AppDelegate.swift in Sources */ = {isa = PBXBuildFile; fileRef = 3459AAE01ECE3CEF00127A6F /* AppDelegate.swift */; };
		3459AAE31ECE3CEF00127A6F /* ViewController.swift in Sources */ = {isa = PBXBuildFile; fileRef = 3459AAE21ECE3CEF00127A6F /* ViewController.swift */; };
		3459AAE61ECE3CEF00127A6F /* Main.storyboard in Resources */ = {isa = PBXBuildFile; fileRef = 3459AAE41ECE3CEF00127A6F /* Main.storyboard */; };
		3459AAE81ECE3CEF00127A6F /* Assets.xcassets in Resources */ = {isa = PBXBuildFile; fileRef = 3459AAE71ECE3CEF00127A6F /* Assets.xcassets */; };
		3459AAEB1ECE3CEF00127A6F /* LaunchScreen.storyboard in Resources */ = {isa = PBXBuildFile; fileRef = 3459AAE91ECE3CEF00127A6F /* LaunchScreen.storyboard */; };
		3459AAF31ECE3D3800127A6F /* UserDefaultsManager.swift in Sources */ = {isa = PBXBuildFile; fileRef = 3459AAF21ECE3D3800127A6F /* UserDefaultsManager.swift */; };
/* End PBXBuildFile section */

/* Begin PBXFileReference section */
		3459AADD1ECE3CEF00127A6F /* Swift4Demo.app */ = {isa = PBXFileReference; explicitFileType = wrapper.application; includeInIndex = 0; path = Swift4Demo.app; sourceTree = BUILT_PRODUCTS_DIR; };
		3459AAE01ECE3CEF00127A6F /* AppDelegate.swift */ = {isa = PBXFileReference; lastKnownFileType = sourcecode.swift; path = AppDelegate.swift; sourceTree = "<group>"; };
		3459AAE21ECE3CEF00127A6F /* ViewController.swift */ = {isa = PBXFileReference; lastKnownFileType = sourcecode.swift; path = ViewController.swift; sourceTree = "<group>"; };
		3459AAE51ECE3CEF00127A6F /* Base */ = {isa = PBXFileReference; lastKnownFileType = file.storyboard; name = Base; path = Base.lproj/Main.storyboard; sourceTree = "<group>"; };
		3459AAE71ECE3CEF00127A6F /* Assets.xcassets */ = {isa = PBXFileReference; lastKnownFileType = folder.assetcatalog; path = Assets.xcassets; sourceTree = "<group>"; };
		3459AAEA1ECE3CEF00127A6F /* Base */ = {isa = PBXFileReference; lastKnownFileType = file.storyboard; name = Base; path = Base.lproj/LaunchScreen.storyboard; sourceTree = "<group>"; };
		3459AAEC1ECE3CEF00127A6F /* Info.plist */ = {isa = PBXFileReference; lastKnownFileType = text.plist.xml; path = Info.plist; sourceTree = "<group>"; };
		3459AAF21ECE3D3800127A6F /* UserDefaultsManager.swift */ = {isa = PBXFileReference; fileEncoding = 4; lastKnownFileType = sourcecode.swift; path = UserDefaultsManager.swift; sourceTree = "<group>"; };
		34E44E831ED26E3D00DEE0B7 /* MyPlayground.playground */ = {isa = PBXFileReference; lastKnownFileType = file.playground; path = MyPlayground.playground; sourceTree = "<group>"; };
/* End PBXFileReference section */

/* Begin PBXFrameworksBuildPhase section */
		3459AADA1ECE3CEF00127A6F /* Frameworks */ = {
			isa = PBXFrameworksBuildPhase;
			buildActionMask = 2147483647;
			files = (
			);
			runOnlyForDeploymentPostprocessing = 0;
		};
/* End PBXFrameworksBuildPhase section */

/* Begin PBXGroup section */
		3459AAD41ECE3CEF00127A6F = {
			isa = PBXGroup;
			children = (
				3459AADF1ECE3CEF00127A6F /* Swift4Demo */,
				3459AADE1ECE3CEF00127A6F /* Products */,
			);
			sourceTree = "<group>";
		};
		3459AADE1ECE3CEF00127A6F /* Products */ = {
			isa = PBXGroup;
			children = (
				3459AADD1ECE3CEF00127A6F /* Swift4Demo.app */,
			);
			name = Products;
			sourceTree = "<group>";
		};
		3459AADF1ECE3CEF00127A6F /* Swift4Demo */ = {
			isa = PBXGroup;
			children = (
				34E44E821ED2254900DEE0B7 /* EncodingAndDecoding */,
				3459AAE01ECE3CEF00127A6F /* AppDelegate.swift */,
				3459AAE41ECE3CEF00127A6F /* Main.storyboard */,
				3459AAE71ECE3CEF00127A6F /* Assets.xcassets */,
				3459AAE91ECE3CEF00127A6F /* LaunchScreen.storyboard */,
				3459AAEC1ECE3CEF00127A6F /* Info.plist */,
				3459AAF21ECE3D3800127A6F /* UserDefaultsManager.swift */,
				34E44E831ED26E3D00DEE0B7 /* MyPlayground.playground */,
			);
			path = Swift4Demo;
			sourceTree = "<group>";
		};
		34E44E821ED2254900DEE0B7 /* EncodingAndDecoding */ = {
			isa = PBXGroup;
			children = (
				3459AAE21ECE3CEF00127A6F /* ViewController.swift */,
			);
			name = EncodingAndDecoding;
			sourceTree = "<group>";
		};
/* End PBXGroup section */

/* Begin PBXNativeTarget section */
		3459AADC1ECE3CEF00127A6F /* Swift4Demo */ = {
			isa = PBXNativeTarget;
			buildConfigurationList = 3459AAEF1ECE3CEF00127A6F /* Build configuration list for PBXNativeTarget "Swift4Demo" */;
			buildPhases = (
				3459AAD91ECE3CEF00127A6F /* Sources */,
				3459AADA1ECE3CEF00127A6F /* Frameworks */,
				3459AADB1ECE3CEF00127A6F /* Resources */,
			);
			buildRules = (
			);
			dependencies = (
			);
			name = Swift4Demo;
			productName = Swift4Demo;
			productReference = 3459AADD1ECE3CEF00127A6F /* Swift4Demo.app */;
			productType = "com.apple.product-type.application";
		};
/* End PBXNativeTarget section */

/* Begin PBXProject section */
		3459AAD51ECE3CEF00127A6F /* Project object */ = {
			isa = PBXProject;
			attributes = {
				LastSwiftUpdateCheck = 0830;
				LastUpgradeCheck = 0830;
				ORGANIZATIONNAME = "Mohammad Azam";
				TargetAttributes = {
					3459AADC1ECE3CEF00127A6F = {
						CreatedOnToolsVersion = 8.3.2;
						DevelopmentTeam = B2Q8EGNCQA;
						ProvisioningStyle = Automatic;
					};
				};
			};
			buildConfigurationList = 3459AAD81ECE3CEF00127A6F /* Build configuration list for PBXProject "Swift4Demo" */;
			compatibilityVersion = "Xcode 3.2";
			developmentRegion = English;
			hasScannedForEncodings = 0;
			knownRegions = (
				en,
				Base,
			);
			mainGroup = 3459AAD41ECE3CEF00127A6F;
			productRefGroup = 3459AADE1ECE3CEF00127A6F /* Products */;
			projectDirPath = "";
			projectRoot = "";
			targets = (
				3459AADC1ECE3CEF00127A6F /* Swift4Demo */,
			);
		};
/* End PBXProject section */

/* Begin PBXResourcesBuildPhase section */
		3459AADB1ECE3CEF00127A6F /* Resources */ = {
			isa = PBXResourcesBuildPhase;
			buildActionMask = 2147483647;
			files = (
				3459AAEB1ECE3CEF00127A6F /* LaunchScreen.storyboard in Resources */,
				3459AAE81ECE3CEF00127A6F /* Assets.xcassets in Resources */,
				3459AAE61ECE3CEF00127A6F /* Main.storyboard in Resources */,
			);
			runOnlyForDeploymentPostprocessing = 0;
		};
/* End PBXResourcesBuildPhase section */

/* Begin PBXSourcesBuildPhase section */
		3459AAD91ECE3CEF00127A6F /* Sources */ = {
			isa = PBXSourcesBuildPhase;
			buildActionMask = 2147483647;
			files = (
				3459AAE31ECE3CEF00127A6F /* ViewController.swift in Sources */,
				3459AAE11ECE3CEF00127A6F /* AppDelegate.swift in Sources */,
				3459AAF31ECE3D3800127A6F /* UserDefaultsManager.swift in Sources */,
			);
			runOnlyForDeploymentPostprocessing = 0;
		};
/* End PBXSourcesBuildPhase section */

/* Begin PBXVariantGroup section */
		3459AAE41ECE3CEF00127A6F /* Main.storyboard */ = {
			isa = PBXVariantGroup;
			children = (
				3459AAE51ECE3CEF00127A6F /* Base */,
			);
			name = Main.storyboard;
			sourceTree = "<group>";
		};
		3459AAE91ECE3CEF00127A6F /* LaunchScreen.storyboard */ = {
			isa = PBXVariantGroup;
			children = (
				3459AAEA1ECE3CEF00127A6F /* Base */,
			);
			name = LaunchScreen.storyboard;
			sourceTree = "<group>";
		};
/* End PBXVariantGroup section */

/* Begin XCBuildConfiguration section */
		3459AAED1ECE3CEF00127A6F /* Debug */ = {
			isa = XCBuildConfiguration;
			buildSettings = {
				ALWAYS_SEARCH_USER_PATHS = NO;
				CLANG_ANALYZER_NONNULL = YES;
				CLANG_ANALYZER_NUMBER_OBJECT_CONVERSION = YES_AGGRESSIVE;
				CLANG_CXX_LANGUAGE_STANDARD = "gnu++0x";
				CLANG_CXX_LIBRARY = "libc++";
				CLANG_ENABLE_MODULES = YES;
				CLANG_ENABLE_OBJC_ARC = YES;
				CLANG_WARN_BOOL_CONVERSION = YES;
				CLANG_WARN_CONSTANT_CONVERSION = YES;
				CLANG_WARN_DIRECT_OBJC_ISA_USAGE = YES_ERROR;
				CLANG_WARN_DOCUMENTATION_COMMENTS = YES;
				CLANG_WARN_EMPTY_BODY = YES;
				CLANG_WARN_ENUM_CONVERSION = YES;
				CLANG_WARN_INFINITE_RECURSION = YES;
				CLANG_WARN_INT_CONVERSION = YES;
				CLANG_WARN_OBJC_ROOT_CLASS = YES_ERROR;
				CLANG_WARN_SUSPICIOUS_MOVE = YES;
				CLANG_WARN_UNREACHABLE_CODE = YES;
				CLANG_WARN__DUPLICATE_METHOD_MATCH = YES;
				"CODE_SIGN_IDENTITY[sdk=iphoneos*]" = "iPhone Developer";
				COPY_PHASE_STRIP = NO;
				DEBUG_INFORMATION_FORMAT = dwarf;
				ENABLE_STRICT_OBJC_MSGSEND = YES;
				ENABLE_TESTABILITY = YES;
				GCC_C_LANGUAGE_STANDARD = gnu99;
				GCC_DYNAMIC_NO_PIC = NO;
				GCC_NO_COMMON_BLOCKS = YES;
				GCC_OPTIMIZATION_LEVEL = 0;
				GCC_PREPROCESSOR_DEFINITIONS = (
					"DEBUG=1",
					"$(inherited)",
				);
				GCC_WARN_64_TO_32_BIT_CONVERSION = YES;
				GCC_WARN_ABOUT_RETURN_TYPE = YES_ERROR;
				GCC_WARN_UNDECLARED_SELECTOR = YES;
				GCC_WARN_UNINITIALIZED_AUTOS = YES_AGGRESSIVE;
				GCC_WARN_UNUSED_FUNCTION = YES;
				GCC_WARN_UNUSED_VARIABLE = YES;
				IPHONEOS_DEPLOYMENT_TARGET = 10.3;
				MTL_ENABLE_DEBUG_INFO = YES;
				ONLY_ACTIVE_ARCH = YES;
				SDKROOT = iphoneos;
				SWIFT_ACTIVE_COMPILATION_CONDITIONS = DEBUG;
				SWIFT_OPTIMIZATION_LEVEL = "-Onone";
				TARGETED_DEVICE_FAMILY = "1,2";
			};
			name = Debug;
		};
		3459AAEE1ECE3CEF00127A6F /* Release */ = {
			isa = XCBuildConfiguration;
			buildSettings = {
				ALWAYS_SEARCH_USER_PATHS = NO;
				CLANG_ANALYZER_NONNULL = YES;
				CLANG_ANALYZER_NUMBER_OBJECT_CONVERSION = YES_AGGRESSIVE;
				CLANG_CXX_LANGUAGE_STANDARD = "gnu++0x";
				CLANG_CXX_LIBRARY = "libc++";
				CLANG_ENABLE_MODULES = YES;
				CLANG_ENABLE_OBJC_ARC = YES;
				CLANG_WARN_BOOL_CONVERSION = YES;
				CLANG_WARN_CONSTANT_CONVERSION = YES;
				CLANG_WARN_DIRECT_OBJC_ISA_USAGE = YES_ERROR;
				CLANG_WARN_DOCUMENTATION_COMMENTS = YES;
				CLANG_WARN_EMPTY_BODY = YES;
				CLANG_WARN_ENUM_CONVERSION = YES;
				CLANG_WARN_INFINITE_RECURSION = YES;
				CLANG_WARN_INT_CONVERSION = YES;
				CLANG_WARN_OBJC_ROOT_CLASS = YES_ERROR;
				CLANG_WARN_SUSPICIOUS_MOVE = YES;
				CLANG_WARN_UNREACHABLE_CODE = YES;
				CLANG_WARN__DUPLICATE_METHOD_MATCH = YES;
				"CODE_SIGN_IDENTITY[sdk=iphoneos*]" = "iPhone Developer";
				COPY_PHASE_STRIP = NO;
				DEBUG_INFORMATION_FORMAT = "dwarf-with-dsym";
				ENABLE_NS_ASSERTIONS = NO;
				ENABLE_STRICT_OBJC_MSGSEND = YES;
				GCC_C_LANGUAGE_STANDARD = gnu99;
				GCC_NO_COMMON_BLOCKS = YES;
				GCC_WARN_64_TO_32_BIT_CONVERSION = YES;
				GCC_WARN_ABOUT_RETURN_TYPE = YES_ERROR;
				GCC_WARN_UNDECLARED_SELECTOR = YES;
				GCC_WARN_UNINITIALIZED_AUTOS = YES_AGGRESSIVE;
				GCC_WARN_UNUSED_FUNCTION = YES;
				GCC_WARN_UNUSED_VARIABLE = YES;
				IPHONEOS_DEPLOYMENT_TARGET = 10.3;
				MTL_ENABLE_DEBUG_INFO = NO;
				SDKROOT = iphoneos;
				SWIFT_OPTIMIZATION_LEVEL = "-Owholemodule";
				TARGETED_DEVICE_FAMILY = "1,2";
				VALIDATE_PRODUCT = YES;
			};
			name = Release;
		};
		3459AAF01ECE3CEF00127A6F /* Debug */ = {
			isa = XCBuildConfiguration;
			buildSettings = {
				ASSETCATALOG_COMPILER_APPICON_NAME = AppIcon;
				DEVELOPMENT_TEAM = B2Q8EGNCQA;
				INFOPLIST_FILE = Swift4Demo/Info.plist;
				LD_RUNPATH_SEARCH_PATHS = "$(inherited) @executable_path/Frameworks";
				PRODUCT_BUNDLE_IDENTIFIER = com.azamsharp.Swift4Demo;
				PRODUCT_NAME = "$(TARGET_NAME)";
				SWIFT_VERSION = 3.0;
			};
			name = Debug;
		};
		3459AAF11ECE3CEF00127A6F /* Release */ = {
			isa = XCBuildConfiguration;
			buildSettings = {
				ASSETCATALOG_COMPILER_APPICON_NAME = AppIcon;
				DEVELOPMENT_TEAM = B2Q8EGNCQA;
				INFOPLIST_FILE = Swift4Demo/Info.plist;
				LD_RUNPATH_SEARCH_PATHS = "$(inherited) @executable_path/Frameworks";
				PRODUCT_BUNDLE_IDENTIFIER = com.azamsharp.Swift4Demo;
				PRODUCT_NAME = "$(TARGET_NAME)";
				SWIFT_VERSION = 3.0;
			};
			name = Release;
		};
/* End XCBuildConfiguration section */

/* Begin XCConfigurationList section */
		3459AAD81ECE3CEF00127A6F /* Build configuration list for PBXProject "Swift4Demo" */ = {
			isa = XCConfigurationList;
			buildConfigurations = (
				3459AAED1ECE3CEF00127A6F /* Debug */,
				3459AAEE1ECE3CEF00127A6F /* Release */,
			);
			defaultConfigurationIsVisible = 0;
			defaultConfigurationName = Release;
		};
		3459AAEF1ECE3CEF00127A6F /* Build configuration list for PBXNativeTarget "Swift4Demo" */ = {
			isa = XCConfigurationList;
			buildConfigurations = (
				3459AAF01ECE3CEF00127A6F /* Debug */,
				3459AAF11ECE3CEF00127A6F /* Release */,
			);
			defaultConfigurationIsVisible = 0;
			defaultConfigurationName = Release;
		};
/* End XCConfigurationList section */
	};
	rootObject = 3459AAD51ECE3CEF00127A6F /* Project object */;
}
